
Microsoft Visual Studio Solution File, Format Version 12.00
# Visual Studio 14
VisualStudioVersion = 14.0.22310.1
MinimumVisualStudioVersion = 10.0.40219.1
Project("{FAE04EC0-301F-11D3-BF4B-00C04F79EFBC}") = "Model", "Model\Model.csproj", "{B5BC2C8F-A98D-4994-8184-AB29F59CD8A3}"
EndProject
Project("{FAE04EC0-301F-11D3-BF4B-00C04F79EFBC}") = "Security", "Security\Security.csproj", "{793D4A34-6EEE-44C4-B946-5DDB363244B8}"
EndProject
Project("{2150E333-8FDC-42A3-9474-1A3956D46DE8}") = "UsefulSql", "UsefulSql", "{B0F41EFB-7DFF-4E03-AEEF-10826E5601FE}"
	ProjectSection(SolutionItems) = preProject
		Database\UsefulSql\ChildTagQueries.sql = Database\UsefulSql\ChildTagQueries.sql
		Database\UsefulSql\GetChildTags.sql = Database\UsefulSql\GetChildTags.sql
	EndProjectSection
EndProject
Project("{FAE04EC0-301F-11D3-BF4B-00C04F79EFBC}") = "Web", "Web\Web.csproj", "{C5DC9C59-AD7D-4BD6-A0AB-CAB12CF1E691}"
EndProject
Project("{FAE04EC0-301F-11D3-BF4B-00C04F79EFBC}") = "DataAccess", "DataAccess\DataAccess.csproj", "{3705BE88-EC33-4C8C-81E8-489D7EABEB61}"
EndProject
Project("{FAE04EC0-301F-11D3-BF4B-00C04F79EFBC}") = "DataService", "DataService\DataService.csproj", "{F484B32C-D02B-4C33-A7A9-209CCD071471}"
EndProject
Project("{2150E333-8FDC-42A3-9474-1A3956D46DE8}") = "Database", "Database", "{58430AC2-5F4D-48F9-81EE-ED99E2E47DAD}"
	ProjectSection(SolutionItems) = preProject
		Database\TimeLog.mdf = Database\TimeLog.mdf
		Database\TimeLog_log.ldf = Database\TimeLog_log.ldf
	EndProjectSection
EndProject
Project("{2150E333-8FDC-42A3-9474-1A3956D46DE8}") = "Tests", "Tests", "{D43CCDAA-2F8B-479D-B91C-71777FCD1871}"
EndProject
Project("{FAE04EC0-301F-11D3-BF4B-00C04F79EFBC}") = "TestData", "TestData\TestData.csproj", "{792D790F-B649-4837-BC11-9A1D39EFF841}"
EndProject
Project("{FAE04EC0-301F-11D3-BF4B-00C04F79EFBC}") = "Common", "Common\Common\Common.csproj", "{7B6C3DD3-6A87-49A8-A907-165AFF8E66BC}"
EndProject
Project("{FAE04EC0-301F-11D3-BF4B-00C04F79EFBC}") = "DataAccessTests", "DataAccessTests\DataAccessTests.csproj", "{69605615-FEE0-48C6-8A84-D9FD2431D8A7}"
EndProject
Global
	GlobalSection(SolutionConfigurationPlatforms) = preSolution
		Debug|Any CPU = Debug|Any CPU
		Release|Any CPU = Release|Any CPU
	EndGlobalSection
	GlobalSection(ProjectConfigurationPlatforms) = postSolution
		{B5BC2C8F-A98D-4994-8184-AB29F59CD8A3}.Debug|Any CPU.ActiveCfg = Debug|Any CPU
		{B5BC2C8F-A98D-4994-8184-AB29F59CD8A3}.Debug|Any CPU.Build.0 = Debug|Any CPU
		{B5BC2C8F-A98D-4994-8184-AB29F59CD8A3}.Release|Any CPU.ActiveCfg = Release|Any CPU
		{B5BC2C8F-A98D-4994-8184-AB29F59CD8A3}.Release|Any CPU.Build.0 = Release|Any CPU
		{793D4A34-6EEE-44C4-B946-5DDB363244B8}.Debug|Any CPU.ActiveCfg = Debug|Any CPU
		{793D4A34-6EEE-44C4-B946-5DDB363244B8}.Debug|Any CPU.Build.0 = Debug|Any CPU
		{793D4A34-6EEE-44C4-B946-5DDB363244B8}.Release|Any CPU.ActiveCfg = Release|Any CPU
		{793D4A34-6EEE-44C4-B946-5DDB363244B8}.Release|Any CPU.Build.0 = Release|Any CPU
		{C5DC9C59-AD7D-4BD6-A0AB-CAB12CF1E691}.Debug|Any CPU.ActiveCfg = Debug|Any CPU
		{C5DC9C59-AD7D-4BD6-A0AB-CAB12CF1E691}.Debug|Any CPU.Build.0 = Debug|Any CPU
		{C5DC9C59-AD7D-4BD6-A0AB-CAB12CF1E691}.Release|Any CPU.ActiveCfg = Release|Any CPU
		{C5DC9C59-AD7D-4BD6-A0AB-CAB12CF1E691}.Release|Any CPU.Build.0 = Release|Any CPU
		{3705BE88-EC33-4C8C-81E8-489D7EABEB61}.Debug|Any CPU.ActiveCfg = Debug|Any CPU
		{3705BE88-EC33-4C8C-81E8-489D7EABEB61}.Debug|Any CPU.Build.0 = Debug|Any CPU
		{3705BE88-EC33-4C8C-81E8-489D7EABEB61}.Release|Any CPU.ActiveCfg = Release|Any CPU
		{3705BE88-EC33-4C8C-81E8-489D7EABEB61}.Release|Any CPU.Build.0 = Release|Any CPU
		{F484B32C-D02B-4C33-A7A9-209CCD071471}.Debug|Any CPU.ActiveCfg = Debug|Any CPU
		{F484B32C-D02B-4C33-A7A9-209CCD071471}.Debug|Any CPU.Build.0 = Debug|Any CPU
		{F484B32C-D02B-4C33-A7A9-209CCD071471}.Release|Any CPU.ActiveCfg = Release|Any CPU
		{F484B32C-D02B-4C33-A7A9-209CCD071471}.Release|Any CPU.Build.0 = Release|Any CPU
		{792D790F-B649-4837-BC11-9A1D39EFF841}.Debug|Any CPU.ActiveCfg = Debug|Any CPU
		{792D790F-B649-4837-BC11-9A1D39EFF841}.Debug|Any CPU.Build.0 = Debug|Any CPU
		{792D790F-B649-4837-BC11-9A1D39EFF841}.Release|Any CPU.ActiveCfg = Release|Any CPU
		{792D790F-B649-4837-BC11-9A1D39EFF841}.Release|Any CPU.Build.0 = Release|Any CPU
		{7B6C3DD3-6A87-49A8-A907-165AFF8E66BC}.Debug|Any CPU.ActiveCfg = Debug|Any CPU
		{7B6C3DD3-6A87-49A8-A907-165AFF8E66BC}.Debug|Any CPU.Build.0 = Debug|Any CPU
		{7B6C3DD3-6A87-49A8-A907-165AFF8E66BC}.Release|Any CPU.ActiveCfg = Release|Any CPU
		{7B6C3DD3-6A87-49A8-A907-165AFF8E66BC}.Release|Any CPU.Build.0 = Release|Any CPU
		{69605615-FEE0-48C6-8A84-D9FD2431D8A7}.Debug|Any CPU.ActiveCfg = Debug|Any CPU
		{69605615-FEE0-48C6-8A84-D9FD2431D8A7}.Debug|Any CPU.Build.0 = Debug|Any CPU
		{69605615-FEE0-48C6-8A84-D9FD2431D8A7}.Release|Any CPU.ActiveCfg = Release|Any CPU
		{69605615-FEE0-48C6-8A84-D9FD2431D8A7}.Release|Any CPU.Build.0 = Release|Any CPU
	EndGlobalSection
	GlobalSection(SolutionProperties) = preSolution
		HideSolutionNode = FALSE
	EndGlobalSection
	GlobalSection(NestedProjects) = preSolution
		{B0F41EFB-7DFF-4E03-AEEF-10826E5601FE} = {58430AC2-5F4D-48F9-81EE-ED99E2E47DAD}
		{792D790F-B649-4837-BC11-9A1D39EFF841} = {D43CCDAA-2F8B-479D-B91C-71777FCD1871}
		{69605615-FEE0-48C6-8A84-D9FD2431D8A7} = {D43CCDAA-2F8B-479D-B91C-71777FCD1871}
	EndGlobalSection
EndGlobal
